// !$*UTF8*$!
{
	archiveVersion = 1;
	classes = {
	};
	objectVersion = 56;
	objects = {

/* Begin PBXBuildFile section */
		3797E0182C7ECCA200EC6E26 /* PophoryButton.swift in Sources */ = {isa = PBXBuildFile; fileRef = 3797E0172C7ECCA200EC6E26 /* PophoryButton.swift */; };
		37CBFBF72C65B6390049332C /* ComposableArchitecture in Frameworks */ = {isa = PBXBuildFile; productRef = 37CBFBF62C65B6390049332C /* ComposableArchitecture */; };
		3B1C335A2C65B552001DB285 /* Pretendard-Bold.otf in Resources */ = {isa = PBXBuildFile; fileRef = 3BC585262C6472AC003763AF /* Pretendard-Bold.otf */; };
		3B1C335B2C65B552001DB285 /* Pretendard-Medium.otf in Resources */ = {isa = PBXBuildFile; fileRef = 3BC585232C6472AB003763AF /* Pretendard-Medium.otf */; };
		3B1C335C2C65B552001DB285 /* Pretendard-Regular.otf in Resources */ = {isa = PBXBuildFile; fileRef = 3BC585292C6472AC003763AF /* Pretendard-Regular.otf */; };
		3B1C335D2C65B552001DB285 /* Pretendard-SemiBold.otf in Resources */ = {isa = PBXBuildFile; fileRef = 3BC585242C6472AB003763AF /* Pretendard-SemiBold.otf */; };
		3B1C335E2C65B552001DB285 /* Assets.xcassets in Resources */ = {isa = PBXBuildFile; fileRef = 3BC584DA2C646531003763AF /* Assets.xcassets */; };
		3B1C335F2C65B552001DB285 /* Colors.xcassets in Resources */ = {isa = PBXBuildFile; fileRef = 3BC5851F2C6470FE003763AF /* Colors.xcassets */; };
		3B3B9BE42C675E6B00AF9D5C /* View+.swift in Sources */ = {isa = PBXBuildFile; fileRef = 3B3B9BE32C675E6B00AF9D5C /* View+.swift */; };
		3B3B9BE62C675E7400AF9D5C /* ViewModifier+.swift in Sources */ = {isa = PBXBuildFile; fileRef = 3B3B9BE52C675E7400AF9D5C /* ViewModifier+.swift */; };
		3B3FEDE72C7D7056001B7A81 /* PophoryTextField.swift in Sources */ = {isa = PBXBuildFile; fileRef = 3B3FEDE62C7D7056001B7A81 /* PophoryTextField.swift */; };
		3BC584D72C646530003763AF /* pophory_TCAApp.swift in Sources */ = {isa = PBXBuildFile; fileRef = 3BC584D62C646530003763AF /* pophory_TCAApp.swift */; };
		3BC584D92C646530003763AF /* ContentView.swift in Sources */ = {isa = PBXBuildFile; fileRef = 3BC584D82C646530003763AF /* ContentView.swift */; };
		3BC584E82C646531003763AF /* pophory_TCATests.swift in Sources */ = {isa = PBXBuildFile; fileRef = 3BC584E72C646531003763AF /* pophory_TCATests.swift */; };
		3BC584F22C646531003763AF /* pophory_TCAUITests.swift in Sources */ = {isa = PBXBuildFile; fileRef = 3BC584F12C646531003763AF /* pophory_TCAUITests.swift */; };
		3BC584F42C646531003763AF /* pophory_TCAUITestsLaunchTests.swift in Sources */ = {isa = PBXBuildFile; fileRef = 3BC584F32C646531003763AF /* pophory_TCAUITestsLaunchTests.swift */; };
		3BC585352C64743E003763AF /* UIFontWithLineHeight.swift in Sources */ = {isa = PBXBuildFile; fileRef = 3BC585342C64743E003763AF /* UIFontWithLineHeight.swift */; };
/* End PBXBuildFile section */

/* Begin PBXContainerItemProxy section */
		3BC584E42C646531003763AF /* PBXContainerItemProxy */ = {
			isa = PBXContainerItemProxy;
			containerPortal = 3BC584CB2C646530003763AF /* Project object */;
			proxyType = 1;
			remoteGlobalIDString = 3BC584D22C646530003763AF;
			remoteInfo = "pophory-TCA";
		};
		3BC584EE2C646531003763AF /* PBXContainerItemProxy */ = {
			isa = PBXContainerItemProxy;
			containerPortal = 3BC584CB2C646530003763AF /* Project object */;
			proxyType = 1;
			remoteGlobalIDString = 3BC584D22C646530003763AF;
			remoteInfo = "pophory-TCA";
		};
/* End PBXContainerItemProxy section */

/* Begin PBXFileReference section */
		3797E0172C7ECCA200EC6E26 /* PophoryButton.swift */ = {isa = PBXFileReference; lastKnownFileType = sourcecode.swift; path = PophoryButton.swift; sourceTree = "<group>"; };
		3B1C33602C65B5F3001DB285 /* Info.plist */ = {isa = PBXFileReference; lastKnownFileType = text.plist.xml; path = Info.plist; sourceTree = "<group>"; };
		3B3B9BE32C675E6B00AF9D5C /* View+.swift */ = {isa = PBXFileReference; lastKnownFileType = sourcecode.swift; path = "View+.swift"; sourceTree = "<group>"; };
		3B3B9BE52C675E7400AF9D5C /* ViewModifier+.swift */ = {isa = PBXFileReference; lastKnownFileType = sourcecode.swift; path = "ViewModifier+.swift"; sourceTree = "<group>"; };
		3B3FEDE62C7D7056001B7A81 /* PophoryTextField.swift */ = {isa = PBXFileReference; lastKnownFileType = sourcecode.swift; path = PophoryTextField.swift; sourceTree = "<group>"; };
		3BC584D32C646530003763AF /* pophory-TCA.app */ = {isa = PBXFileReference; explicitFileType = wrapper.application; includeInIndex = 0; path = "pophory-TCA.app"; sourceTree = BUILT_PRODUCTS_DIR; };
		3BC584D62C646530003763AF /* pophory_TCAApp.swift */ = {isa = PBXFileReference; lastKnownFileType = sourcecode.swift; path = pophory_TCAApp.swift; sourceTree = "<group>"; };
		3BC584D82C646530003763AF /* ContentView.swift */ = {isa = PBXFileReference; lastKnownFileType = sourcecode.swift; path = ContentView.swift; sourceTree = "<group>"; };
		3BC584DA2C646531003763AF /* Assets.xcassets */ = {isa = PBXFileReference; lastKnownFileType = folder.assetcatalog; path = Assets.xcassets; sourceTree = "<group>"; };
		3BC584DD2C646531003763AF /* Preview Assets.xcassets */ = {isa = PBXFileReference; lastKnownFileType = folder.assetcatalog; path = "Preview Assets.xcassets"; sourceTree = "<group>"; };
		3BC584E32C646531003763AF /* pophory-TCATests.xctest */ = {isa = PBXFileReference; explicitFileType = wrapper.cfbundle; includeInIndex = 0; path = "pophory-TCATests.xctest"; sourceTree = BUILT_PRODUCTS_DIR; };
		3BC584E72C646531003763AF /* pophory_TCATests.swift */ = {isa = PBXFileReference; lastKnownFileType = sourcecode.swift; path = pophory_TCATests.swift; sourceTree = "<group>"; };
		3BC584ED2C646531003763AF /* pophory-TCAUITests.xctest */ = {isa = PBXFileReference; explicitFileType = wrapper.cfbundle; includeInIndex = 0; path = "pophory-TCAUITests.xctest"; sourceTree = BUILT_PRODUCTS_DIR; };
		3BC584F12C646531003763AF /* pophory_TCAUITests.swift */ = {isa = PBXFileReference; lastKnownFileType = sourcecode.swift; path = pophory_TCAUITests.swift; sourceTree = "<group>"; };
		3BC584F32C646531003763AF /* pophory_TCAUITestsLaunchTests.swift */ = {isa = PBXFileReference; lastKnownFileType = sourcecode.swift; path = pophory_TCAUITestsLaunchTests.swift; sourceTree = "<group>"; };
		3BC5851F2C6470FE003763AF /* Colors.xcassets */ = {isa = PBXFileReference; lastKnownFileType = folder.assetcatalog; path = Colors.xcassets; sourceTree = "<group>"; };
		3BC585232C6472AB003763AF /* Pretendard-Medium.otf */ = {isa = PBXFileReference; lastKnownFileType = file; path = "Pretendard-Medium.otf"; sourceTree = "<group>"; };
		3BC585242C6472AB003763AF /* Pretendard-SemiBold.otf */ = {isa = PBXFileReference; lastKnownFileType = file; path = "Pretendard-SemiBold.otf"; sourceTree = "<group>"; };
		3BC585262C6472AC003763AF /* Pretendard-Bold.otf */ = {isa = PBXFileReference; lastKnownFileType = file; path = "Pretendard-Bold.otf"; sourceTree = "<group>"; };
		3BC585292C6472AC003763AF /* Pretendard-Regular.otf */ = {isa = PBXFileReference; lastKnownFileType = file; path = "Pretendard-Regular.otf"; sourceTree = "<group>"; };
		3BC585342C64743E003763AF /* UIFontWithLineHeight.swift */ = {isa = PBXFileReference; lastKnownFileType = sourcecode.swift; path = UIFontWithLineHeight.swift; sourceTree = "<group>"; };
/* End PBXFileReference section */

/* Begin PBXFrameworksBuildPhase section */
		3BC584D02C646530003763AF /* Frameworks */ = {
			isa = PBXFrameworksBuildPhase;
			buildActionMask = 2147483647;
			files = (
				37CBFBF72C65B6390049332C /* ComposableArchitecture in Frameworks */,
			);
			runOnlyForDeploymentPostprocessing = 0;
		};
		3BC584E02C646531003763AF /* Frameworks */ = {
			isa = PBXFrameworksBuildPhase;
			buildActionMask = 2147483647;
			files = (
			);
			runOnlyForDeploymentPostprocessing = 0;
		};
		3BC584EA2C646531003763AF /* Frameworks */ = {
			isa = PBXFrameworksBuildPhase;
			buildActionMask = 2147483647;
			files = (
			);
			runOnlyForDeploymentPostprocessing = 0;
		};
/* End PBXFrameworksBuildPhase section */

/* Begin PBXGroup section */
		3797E0162C7ECC5D00EC6E26 /* Components */ = {
			isa = PBXGroup;
			children = (
				3797E0172C7ECCA200EC6E26 /* PophoryButton.swift */,
			);
			path = Components;
			sourceTree = "<group>";
		};
		3B00A4842C6B032000D851F1 /* Components */ = {
			isa = PBXGroup;
			children = (
				3B3FEDE62C7D7056001B7A81 /* PophoryTextField.swift */,
			);
			path = Components;
			sourceTree = "<group>";
		};
		3BC584CA2C646530003763AF = {
			isa = PBXGroup;
			children = (
				3BC584D52C646530003763AF /* pophory-TCA */,
				3BC584E62C646531003763AF /* pophory-TCATests */,
				3BC584F02C646531003763AF /* pophory-TCAUITests */,
				3BC584D42C646530003763AF /* Products */,
			);
			sourceTree = "<group>";
		};
		3BC584D42C646530003763AF /* Products */ = {
			isa = PBXGroup;
			children = (
				3BC584D32C646530003763AF /* pophory-TCA.app */,
				3BC584E32C646531003763AF /* pophory-TCATests.xctest */,
				3BC584ED2C646531003763AF /* pophory-TCAUITests.xctest */,
			);
			name = Products;
			sourceTree = "<group>";
		};
		3BC584D52C646530003763AF /* pophory-TCA */ = {
			isa = PBXGroup;
			children = (
				3BC5851E2C646B23003763AF /* Network */,
				3BC585152C6468E8003763AF /* Global */,
				3BC585002C6467CA003763AF /* Presentation */,
				3BC584DC2C646531003763AF /* Preview Content */,
			);
			path = "pophory-TCA";
			sourceTree = "<group>";
		};
		3BC584DC2C646531003763AF /* Preview Content */ = {
			isa = PBXGroup;
			children = (
				3BC584DD2C646531003763AF /* Preview Assets.xcassets */,
			);
			path = "Preview Content";
			sourceTree = "<group>";
		};
		3BC584E62C646531003763AF /* pophory-TCATests */ = {
			isa = PBXGroup;
			children = (
				3BC584E72C646531003763AF /* pophory_TCATests.swift */,
			);
			path = "pophory-TCATests";
			sourceTree = "<group>";
		};
		3BC584F02C646531003763AF /* pophory-TCAUITests */ = {
			isa = PBXGroup;
			children = (
				3BC584F12C646531003763AF /* pophory_TCAUITests.swift */,
				3BC584F32C646531003763AF /* pophory_TCAUITestsLaunchTests.swift */,
			);
			path = "pophory-TCAUITests";
			sourceTree = "<group>";
		};
		3BC585002C6467CA003763AF /* Presentation */ = {
			isa = PBXGroup;
			children = (
				3BC585012C6467D3003763AF /* SplashFlow */,
				3BC585072C64682C003763AF /* AuthFlow */,
				3BC585052C646818003763AF /* HomeFlow */,
				3BC585062C646822003763AF /* MyPageFlow */,
				3BC585042C646810003763AF /* AlbumFlow */,
				3BC585032C646803003763AF /* PhotoUploadFlow */,
			);
			path = Presentation;
			sourceTree = "<group>";
		};
		3BC585012C6467D3003763AF /* SplashFlow */ = {
			isa = PBXGroup;
			children = (
				3BC585122C6468BC003763AF /* Splash */,
			);
			path = SplashFlow;
			sourceTree = "<group>";
		};
		3BC585032C646803003763AF /* PhotoUploadFlow */ = {
			isa = PBXGroup;
			children = (
				3BC585142C6468CE003763AF /* AddPhoto */,
				3BC585132C6468C9003763AF /* PhotoPicker */,
			);
			path = PhotoUploadFlow;
			sourceTree = "<group>";
		};
		3BC585042C646810003763AF /* AlbumFlow */ = {
			isa = PBXGroup;
			children = (
				3BC585112C6468B5003763AF /* Share */,
				3BC585102C6468AC003763AF /* PhotoDetail */,
				3BC5850F2C6468A6003763AF /* ChangeSort */,
			);
			path = AlbumFlow;
			sourceTree = "<group>";
		};
		3BC585052C646818003763AF /* HomeFlow */ = {
			isa = PBXGroup;
			children = (
				3BC5850E2C64689E003763AF /* AlbumDetail */,
				3BC5850D2C646896003763AF /* EditAlbumCover */,
			);
			path = HomeFlow;
			sourceTree = "<group>";
		};
		3BC585062C646822003763AF /* MyPageFlow */ = {
			isa = PBXGroup;
			children = (
				3BC5850C2C646871003763AF /* Withdraw */,
				3BC5850B2C646868003763AF /* Setting */,
			);
			path = MyPageFlow;
			sourceTree = "<group>";
		};
		3BC585072C64682C003763AF /* AuthFlow */ = {
			isa = PBXGroup;
			children = (
				3BC5850A2C64685B003763AF /* Auth */,
				3BC585082C64683D003763AF /* Onboarding */,
				3BC585092C64684C003763AF /* TabBar */,
			);
			path = AuthFlow;
			sourceTree = "<group>";
		};
		3BC585082C64683D003763AF /* Onboarding */ = {
			isa = PBXGroup;
			children = (
			);
			path = Onboarding;
			sourceTree = "<group>";
		};
		3BC585092C64684C003763AF /* TabBar */ = {
			isa = PBXGroup;
			children = (
			);
			path = TabBar;
			sourceTree = "<group>";
		};
		3BC5850A2C64685B003763AF /* Auth */ = {
			isa = PBXGroup;
			children = (
			);
			path = Auth;
			sourceTree = "<group>";
		};
		3BC5850B2C646868003763AF /* Setting */ = {
			isa = PBXGroup;
			children = (
			);
			path = Setting;
			sourceTree = "<group>";
		};
		3BC5850C2C646871003763AF /* Withdraw */ = {
			isa = PBXGroup;
			children = (
			);
			path = Withdraw;
			sourceTree = "<group>";
		};
		3BC5850D2C646896003763AF /* EditAlbumCover */ = {
			isa = PBXGroup;
			children = (
			);
			path = EditAlbumCover;
			sourceTree = "<group>";
		};
		3BC5850E2C64689E003763AF /* AlbumDetail */ = {
			isa = PBXGroup;
			children = (
			);
			path = AlbumDetail;
			sourceTree = "<group>";
		};
		3BC5850F2C6468A6003763AF /* ChangeSort */ = {
			isa = PBXGroup;
			children = (
			);
			path = ChangeSort;
			sourceTree = "<group>";
		};
		3BC585102C6468AC003763AF /* PhotoDetail */ = {
			isa = PBXGroup;
			children = (
			);
			path = PhotoDetail;
			sourceTree = "<group>";
		};
		3BC585112C6468B5003763AF /* Share */ = {
			isa = PBXGroup;
			children = (
			);
			path = Share;
			sourceTree = "<group>";
		};
		3BC585122C6468BC003763AF /* Splash */ = {
			isa = PBXGroup;
			children = (
			);
			path = Splash;
			sourceTree = "<group>";
		};
		3BC585132C6468C9003763AF /* PhotoPicker */ = {
			isa = PBXGroup;
			children = (
			);
			path = PhotoPicker;
			sourceTree = "<group>";
		};
		3BC585142C6468CE003763AF /* AddPhoto */ = {
			isa = PBXGroup;
			children = (
			);
			path = AddPhoto;
			sourceTree = "<group>";
		};
		3BC585152C6468E8003763AF /* Global */ = {
			isa = PBXGroup;
			children = (
				3BC585162C6468F1003763AF /* Assets */,
				3BC5851C2C646953003763AF /* Constants */,
				3797E0162C7ECC5D00EC6E26 /* Components */,
				3BC5851B2C646947003763AF /* Extensions */,
				3BC5851A2C646942003763AF /* Firebase */,
				3BC585192C64691A003763AF /* Utilities */,
				3BC585172C646905003763AF /* Supports */,
			);
			path = Global;
			sourceTree = "<group>";
		};
		3BC585162C6468F1003763AF /* Assets */ = {
			isa = PBXGroup;
			children = (
				3B00A4842C6B032000D851F1 /* Components */,
				3BC585212C64723F003763AF /* Fonts */,
				3BC584DA2C646531003763AF /* Assets.xcassets */,
				3BC5851F2C6470FE003763AF /* Colors.xcassets */,
			);
			path = Assets;
			sourceTree = "<group>";
		};
		3BC585172C646905003763AF /* Supports */ = {
			isa = PBXGroup;
			children = (
				3B1C33602C65B5F3001DB285 /* Info.plist */,
				3BC584D62C646530003763AF /* pophory_TCAApp.swift */,
				3BC584D82C646530003763AF /* ContentView.swift */,
			);
			path = Supports;
			sourceTree = "<group>";
		};
		3BC585192C64691A003763AF /* Utilities */ = {
			isa = PBXGroup;
			children = (
			);
			path = Utilities;
			sourceTree = "<group>";
		};
		3BC5851A2C646942003763AF /* Firebase */ = {
			isa = PBXGroup;
			children = (
			);
			path = Firebase;
			sourceTree = "<group>";
		};
		3BC5851B2C646947003763AF /* Extensions */ = {
			isa = PBXGroup;
			children = (
				3B3B9BE32C675E6B00AF9D5C /* View+.swift */,
				3B3B9BE52C675E7400AF9D5C /* ViewModifier+.swift */,
			);
			path = Extensions;
			sourceTree = "<group>";
		};
		3BC5851C2C646953003763AF /* Constants */ = {
			isa = PBXGroup;
			children = (
				3BC585342C64743E003763AF /* UIFontWithLineHeight.swift */,
			);
			path = Constants;
			sourceTree = "<group>";
		};
		3BC5851E2C646B23003763AF /* Network */ = {
			isa = PBXGroup;
			children = (
			);
			path = Network;
			sourceTree = "<group>";
		};
		3BC585212C64723F003763AF /* Fonts */ = {
			isa = PBXGroup;
			children = (
				3BC585262C6472AC003763AF /* Pretendard-Bold.otf */,
				3BC585232C6472AB003763AF /* Pretendard-Medium.otf */,
				3BC585292C6472AC003763AF /* Pretendard-Regular.otf */,
				3BC585242C6472AB003763AF /* Pretendard-SemiBold.otf */,
			);
			path = Fonts;
			sourceTree = "<group>";
		};
/* End PBXGroup section */

/* Begin PBXNativeTarget section */
		3BC584D22C646530003763AF /* pophory-TCA */ = {
			isa = PBXNativeTarget;
			buildConfigurationList = 3BC584F72C646531003763AF /* Build configuration list for PBXNativeTarget "pophory-TCA" */;
			buildPhases = (
				3BC584CF2C646530003763AF /* Sources */,
				3BC584D02C646530003763AF /* Frameworks */,
				3B1C33592C65B54B001DB285 /* Resources */,
			);
			buildRules = (
			);
			dependencies = (
			);
			name = "pophory-TCA";
			packageProductDependencies = (
				37CBFBF62C65B6390049332C /* ComposableArchitecture */,
			);
			productName = "pophory-TCA";
			productReference = 3BC584D32C646530003763AF /* pophory-TCA.app */;
			productType = "com.apple.product-type.application";
		};
		3BC584E22C646531003763AF /* pophory-TCATests */ = {
			isa = PBXNativeTarget;
			buildConfigurationList = 3BC584FA2C646531003763AF /* Build configuration list for PBXNativeTarget "pophory-TCATests" */;
			buildPhases = (
				3BC584DF2C646531003763AF /* Sources */,
				3BC584E02C646531003763AF /* Frameworks */,
				3BC584E12C646531003763AF /* Resources */,
			);
			buildRules = (
			);
			dependencies = (
				3BC584E52C646531003763AF /* PBXTargetDependency */,
			);
			name = "pophory-TCATests";
			productName = "pophory-TCATests";
			productReference = 3BC584E32C646531003763AF /* pophory-TCATests.xctest */;
			productType = "com.apple.product-type.bundle.unit-test";
		};
		3BC584EC2C646531003763AF /* pophory-TCAUITests */ = {
			isa = PBXNativeTarget;
			buildConfigurationList = 3BC584FD2C646531003763AF /* Build configuration list for PBXNativeTarget "pophory-TCAUITests" */;
			buildPhases = (
				3BC584E92C646531003763AF /* Sources */,
				3BC584EA2C646531003763AF /* Frameworks */,
				3BC584EB2C646531003763AF /* Resources */,
			);
			buildRules = (
			);
			dependencies = (
				3BC584EF2C646531003763AF /* PBXTargetDependency */,
			);
			name = "pophory-TCAUITests";
			productName = "pophory-TCAUITests";
			productReference = 3BC584ED2C646531003763AF /* pophory-TCAUITests.xctest */;
			productType = "com.apple.product-type.bundle.ui-testing";
		};
/* End PBXNativeTarget section */

/* Begin PBXProject section */
		3BC584CB2C646530003763AF /* Project object */ = {
			isa = PBXProject;
			attributes = {
				BuildIndependentTargetsInParallel = 1;
				LastSwiftUpdateCheck = 1520;
				LastUpgradeCheck = 1520;
				TargetAttributes = {
					3BC584D22C646530003763AF = {
						CreatedOnToolsVersion = 15.2;
					};
					3BC584E22C646531003763AF = {
						CreatedOnToolsVersion = 15.2;
						TestTargetID = 3BC584D22C646530003763AF;
					};
					3BC584EC2C646531003763AF = {
						CreatedOnToolsVersion = 15.2;
						TestTargetID = 3BC584D22C646530003763AF;
					};
				};
			};
			buildConfigurationList = 3BC584CE2C646530003763AF /* Build configuration list for PBXProject "pophory-TCA" */;
			compatibilityVersion = "Xcode 14.0";
			developmentRegion = en;
			hasScannedForEncodings = 0;
			knownRegions = (
				en,
				Base,
			);
			mainGroup = 3BC584CA2C646530003763AF;
			packageReferences = (
				37CBFBF52C65B6390049332C /* XCRemoteSwiftPackageReference "swift-composable-architecture" */,
			);
			productRefGroup = 3BC584D42C646530003763AF /* Products */;
			projectDirPath = "";
			projectRoot = "";
			targets = (
				3BC584D22C646530003763AF /* pophory-TCA */,
				3BC584E22C646531003763AF /* pophory-TCATests */,
				3BC584EC2C646531003763AF /* pophory-TCAUITests */,
			);
		};
/* End PBXProject section */

/* Begin PBXResourcesBuildPhase section */
		3B1C33592C65B54B001DB285 /* Resources */ = {
			isa = PBXResourcesBuildPhase;
			buildActionMask = 2147483647;
			files = (
				3B1C335A2C65B552001DB285 /* Pretendard-Bold.otf in Resources */,
				3B1C335B2C65B552001DB285 /* Pretendard-Medium.otf in Resources */,
				3B1C335C2C65B552001DB285 /* Pretendard-Regular.otf in Resources */,
				3B1C335D2C65B552001DB285 /* Pretendard-SemiBold.otf in Resources */,
				3B1C335E2C65B552001DB285 /* Assets.xcassets in Resources */,
				3B1C335F2C65B552001DB285 /* Colors.xcassets in Resources */,
			);
			runOnlyForDeploymentPostprocessing = 0;
		};
		3BC584E12C646531003763AF /* Resources */ = {
			isa = PBXResourcesBuildPhase;
			buildActionMask = 2147483647;
			files = (
			);
			runOnlyForDeploymentPostprocessing = 0;
		};
		3BC584EB2C646531003763AF /* Resources */ = {
			isa = PBXResourcesBuildPhase;
			buildActionMask = 2147483647;
			files = (
			);
			runOnlyForDeploymentPostprocessing = 0;
		};
/* End PBXResourcesBuildPhase section */

/* Begin PBXSourcesBuildPhase section */
		3BC584CF2C646530003763AF /* Sources */ = {
			isa = PBXSourcesBuildPhase;
			buildActionMask = 2147483647;
			files = (
				3B3B9BE42C675E6B00AF9D5C /* View+.swift in Sources */,
				3B3FEDE72C7D7056001B7A81 /* PophoryTextField.swift in Sources */,
				3BC585352C64743E003763AF /* UIFontWithLineHeight.swift in Sources */,
				3B3B9BE62C675E7400AF9D5C /* ViewModifier+.swift in Sources */,
				3797E0182C7ECCA200EC6E26 /* PophoryButton.swift in Sources */,
				3BC584D92C646530003763AF /* ContentView.swift in Sources */,
				3BC584D72C646530003763AF /* pophory_TCAApp.swift in Sources */,
			);
			runOnlyForDeploymentPostprocessing = 0;
		};
		3BC584DF2C646531003763AF /* Sources */ = {
			isa = PBXSourcesBuildPhase;
			buildActionMask = 2147483647;
			files = (
				3BC584E82C646531003763AF /* pophory_TCATests.swift in Sources */,
			);
			runOnlyForDeploymentPostprocessing = 0;
		};
		3BC584E92C646531003763AF /* Sources */ = {
			isa = PBXSourcesBuildPhase;
			buildActionMask = 2147483647;
			files = (
				3BC584F22C646531003763AF /* pophory_TCAUITests.swift in Sources */,
				3BC584F42C646531003763AF /* pophory_TCAUITestsLaunchTests.swift in Sources */,
			);
			runOnlyForDeploymentPostprocessing = 0;
		};
/* End PBXSourcesBuildPhase section */

/* Begin PBXTargetDependency section */
		3BC584E52C646531003763AF /* PBXTargetDependency */ = {
			isa = PBXTargetDependency;
			target = 3BC584D22C646530003763AF /* pophory-TCA */;
			targetProxy = 3BC584E42C646531003763AF /* PBXContainerItemProxy */;
		};
		3BC584EF2C646531003763AF /* PBXTargetDependency */ = {
			isa = PBXTargetDependency;
			target = 3BC584D22C646530003763AF /* pophory-TCA */;
			targetProxy = 3BC584EE2C646531003763AF /* PBXContainerItemProxy */;
		};
/* End PBXTargetDependency section */

/* Begin XCBuildConfiguration section */
		3BC584F52C646531003763AF /* Debug */ = {
			isa = XCBuildConfiguration;
			buildSettings = {
				ALWAYS_SEARCH_USER_PATHS = NO;
				ASSETCATALOG_COMPILER_GENERATE_SWIFT_ASSET_SYMBOL_EXTENSIONS = YES;
				CLANG_ANALYZER_NONNULL = YES;
				CLANG_ANALYZER_NUMBER_OBJECT_CONVERSION = YES_AGGRESSIVE;
				CLANG_CXX_LANGUAGE_STANDARD = "gnu++20";
				CLANG_ENABLE_MODULES = YES;
				CLANG_ENABLE_OBJC_ARC = YES;
				CLANG_ENABLE_OBJC_WEAK = YES;
				CLANG_WARN_BLOCK_CAPTURE_AUTORELEASING = YES;
				CLANG_WARN_BOOL_CONVERSION = YES;
				CLANG_WARN_COMMA = YES;
				CLANG_WARN_CONSTANT_CONVERSION = YES;
				CLANG_WARN_DEPRECATED_OBJC_IMPLEMENTATIONS = YES;
				CLANG_WARN_DIRECT_OBJC_ISA_USAGE = YES_ERROR;
				CLANG_WARN_DOCUMENTATION_COMMENTS = YES;
				CLANG_WARN_EMPTY_BODY = YES;
				CLANG_WARN_ENUM_CONVERSION = YES;
				CLANG_WARN_INFINITE_RECURSION = YES;
				CLANG_WARN_INT_CONVERSION = YES;
				CLANG_WARN_NON_LITERAL_NULL_CONVERSION = YES;
				CLANG_WARN_OBJC_IMPLICIT_RETAIN_SELF = YES;
				CLANG_WARN_OBJC_LITERAL_CONVERSION = YES;
				CLANG_WARN_OBJC_ROOT_CLASS = YES_ERROR;
				CLANG_WARN_QUOTED_INCLUDE_IN_FRAMEWORK_HEADER = YES;
				CLANG_WARN_RANGE_LOOP_ANALYSIS = YES;
				CLANG_WARN_STRICT_PROTOTYPES = YES;
				CLANG_WARN_SUSPICIOUS_MOVE = YES;
				CLANG_WARN_UNGUARDED_AVAILABILITY = YES_AGGRESSIVE;
				CLANG_WARN_UNREACHABLE_CODE = YES;
				CLANG_WARN__DUPLICATE_METHOD_MATCH = YES;
				COPY_PHASE_STRIP = NO;
				DEBUG_INFORMATION_FORMAT = dwarf;
				ENABLE_STRICT_OBJC_MSGSEND = YES;
				ENABLE_TESTABILITY = YES;
				ENABLE_USER_SCRIPT_SANDBOXING = YES;
				GCC_C_LANGUAGE_STANDARD = gnu17;
				GCC_DYNAMIC_NO_PIC = NO;
				GCC_NO_COMMON_BLOCKS = YES;
				GCC_OPTIMIZATION_LEVEL = 0;
				GCC_PREPROCESSOR_DEFINITIONS = (
					"DEBUG=1",
					"$(inherited)",
				);
				GCC_WARN_64_TO_32_BIT_CONVERSION = YES;
				GCC_WARN_ABOUT_RETURN_TYPE = YES_ERROR;
				GCC_WARN_UNDECLARED_SELECTOR = YES;
				GCC_WARN_UNINITIALIZED_AUTOS = YES_AGGRESSIVE;
				GCC_WARN_UNUSED_FUNCTION = YES;
				GCC_WARN_UNUSED_VARIABLE = YES;
				IPHONEOS_DEPLOYMENT_TARGET = 17.2;
				LOCALIZATION_PREFERS_STRING_CATALOGS = YES;
				MTL_ENABLE_DEBUG_INFO = INCLUDE_SOURCE;
				MTL_FAST_MATH = YES;
				ONLY_ACTIVE_ARCH = YES;
				SDKROOT = iphoneos;
				SWIFT_ACTIVE_COMPILATION_CONDITIONS = "DEBUG $(inherited)";
				SWIFT_OPTIMIZATION_LEVEL = "-Onone";
			};
			name = Debug;
		};
		3BC584F62C646531003763AF /* Release */ = {
			isa = XCBuildConfiguration;
			buildSettings = {
				ALWAYS_SEARCH_USER_PATHS = NO;
				ASSETCATALOG_COMPILER_GENERATE_SWIFT_ASSET_SYMBOL_EXTENSIONS = YES;
				CLANG_ANALYZER_NONNULL = YES;
				CLANG_ANALYZER_NUMBER_OBJECT_CONVERSION = YES_AGGRESSIVE;
				CLANG_CXX_LANGUAGE_STANDARD = "gnu++20";
				CLANG_ENABLE_MODULES = YES;
				CLANG_ENABLE_OBJC_ARC = YES;
				CLANG_ENABLE_OBJC_WEAK = YES;
				CLANG_WARN_BLOCK_CAPTURE_AUTORELEASING = YES;
				CLANG_WARN_BOOL_CONVERSION = YES;
				CLANG_WARN_COMMA = YES;
				CLANG_WARN_CONSTANT_CONVERSION = YES;
				CLANG_WARN_DEPRECATED_OBJC_IMPLEMENTATIONS = YES;
				CLANG_WARN_DIRECT_OBJC_ISA_USAGE = YES_ERROR;
				CLANG_WARN_DOCUMENTATION_COMMENTS = YES;
				CLANG_WARN_EMPTY_BODY = YES;
				CLANG_WARN_ENUM_CONVERSION = YES;
				CLANG_WARN_INFINITE_RECURSION = YES;
				CLANG_WARN_INT_CONVERSION = YES;
				CLANG_WARN_NON_LITERAL_NULL_CONVERSION = YES;
				CLANG_WARN_OBJC_IMPLICIT_RETAIN_SELF = YES;
				CLANG_WARN_OBJC_LITERAL_CONVERSION = YES;
				CLANG_WARN_OBJC_ROOT_CLASS = YES_ERROR;
				CLANG_WARN_QUOTED_INCLUDE_IN_FRAMEWORK_HEADER = YES;
				CLANG_WARN_RANGE_LOOP_ANALYSIS = YES;
				CLANG_WARN_STRICT_PROTOTYPES = YES;
				CLANG_WARN_SUSPICIOUS_MOVE = YES;
				CLANG_WARN_UNGUARDED_AVAILABILITY = YES_AGGRESSIVE;
				CLANG_WARN_UNREACHABLE_CODE = YES;
				CLANG_WARN__DUPLICATE_METHOD_MATCH = YES;
				COPY_PHASE_STRIP = NO;
				DEBUG_INFORMATION_FORMAT = "dwarf-with-dsym";
				ENABLE_NS_ASSERTIONS = NO;
				ENABLE_STRICT_OBJC_MSGSEND = YES;
				ENABLE_USER_SCRIPT_SANDBOXING = YES;
				GCC_C_LANGUAGE_STANDARD = gnu17;
				GCC_NO_COMMON_BLOCKS = YES;
				GCC_WARN_64_TO_32_BIT_CONVERSION = YES;
				GCC_WARN_ABOUT_RETURN_TYPE = YES_ERROR;
				GCC_WARN_UNDECLARED_SELECTOR = YES;
				GCC_WARN_UNINITIALIZED_AUTOS = YES_AGGRESSIVE;
				GCC_WARN_UNUSED_FUNCTION = YES;
				GCC_WARN_UNUSED_VARIABLE = YES;
				IPHONEOS_DEPLOYMENT_TARGET = 17.2;
				LOCALIZATION_PREFERS_STRING_CATALOGS = YES;
				MTL_ENABLE_DEBUG_INFO = NO;
				MTL_FAST_MATH = YES;
				SDKROOT = iphoneos;
				SWIFT_COMPILATION_MODE = wholemodule;
				VALIDATE_PRODUCT = YES;
			};
			name = Release;
		};
		3BC584F82C646531003763AF /* Debug */ = {
			isa = XCBuildConfiguration;
			buildSettings = {
				ASSETCATALOG_COMPILER_APPICON_NAME = AppIcon;
				ASSETCATALOG_COMPILER_GLOBAL_ACCENT_COLOR_NAME = AccentColor;
				CODE_SIGN_STYLE = Automatic;
				CURRENT_PROJECT_VERSION = 1;
				DEVELOPMENT_ASSET_PATHS = "\"pophory-TCA/Preview Content\"";
				DEVELOPMENT_TEAM = CQJ9UKUU35;
				ENABLE_PREVIEWS = YES;
				GENERATE_INFOPLIST_FILE = YES;
				INFOPLIST_FILE = "pophory-TCA/Global/Supports/Info.plist";
				INFOPLIST_KEY_UIApplicationSceneManifest_Generation = YES;
				INFOPLIST_KEY_UIApplicationSupportsIndirectInputEvents = YES;
				INFOPLIST_KEY_UILaunchScreen_Generation = YES;
				INFOPLIST_KEY_UISupportedInterfaceOrientations_iPad = "UIInterfaceOrientationPortrait UIInterfaceOrientationPortraitUpsideDown UIInterfaceOrientationLandscapeLeft UIInterfaceOrientationLandscapeRight";
				INFOPLIST_KEY_UISupportedInterfaceOrientations_iPhone = "UIInterfaceOrientationPortrait UIInterfaceOrientationLandscapeLeft UIInterfaceOrientationLandscapeRight";
				LD_RUNPATH_SEARCH_PATHS = (
					"$(inherited)",
					"@executable_path/Frameworks",
				);
				MARKETING_VERSION = 1.0;
				PRODUCT_BUNDLE_IDENTIFIER = "pophoryTCA.pophory-TCA";
				PRODUCT_NAME = "$(TARGET_NAME)";
				SWIFT_EMIT_LOC_STRINGS = YES;
				SWIFT_VERSION = 5.0;
				TARGETED_DEVICE_FAMILY = "1,2";
			};
			name = Debug;
		};
		3BC584F92C646531003763AF /* Release */ = {
			isa = XCBuildConfiguration;
			buildSettings = {
				ASSETCATALOG_COMPILER_APPICON_NAME = AppIcon;
				ASSETCATALOG_COMPILER_GLOBAL_ACCENT_COLOR_NAME = AccentColor;
				CODE_SIGN_STYLE = Automatic;
				CURRENT_PROJECT_VERSION = 1;
				DEVELOPMENT_ASSET_PATHS = "\"pophory-TCA/Preview Content\"";
				DEVELOPMENT_TEAM = CQJ9UKUU35;
				ENABLE_PREVIEWS = YES;
				GENERATE_INFOPLIST_FILE = YES;
				INFOPLIST_FILE = "pophory-TCA/Global/Supports/Info.plist";
				INFOPLIST_KEY_UIApplicationSceneManifest_Generation = YES;
				INFOPLIST_KEY_UIApplicationSupportsIndirectInputEvents = YES;
				INFOPLIST_KEY_UILaunchScreen_Generation = YES;
				INFOPLIST_KEY_UISupportedInterfaceOrientations_iPad = "UIInterfaceOrientationPortrait UIInterfaceOrientationPortraitUpsideDown UIInterfaceOrientationLandscapeLeft UIInterfaceOrientationLandscapeRight";
				INFOPLIST_KEY_UISupportedInterfaceOrientations_iPhone = "UIInterfaceOrientationPortrait UIInterfaceOrientationLandscapeLeft UIInterfaceOrientationLandscapeRight";
				LD_RUNPATH_SEARCH_PATHS = (
					"$(inherited)",
					"@executable_path/Frameworks",
				);
				MARKETING_VERSION = 1.0;
				PRODUCT_BUNDLE_IDENTIFIER = "pophoryTCA.pophory-TCA";
				PRODUCT_NAME = "$(TARGET_NAME)";
				SWIFT_EMIT_LOC_STRINGS = YES;
				SWIFT_VERSION = 5.0;
				TARGETED_DEVICE_FAMILY = "1,2";
			};
			name = Release;
		};
		3BC584FB2C646531003763AF /* Debug */ = {
			isa = XCBuildConfiguration;
			buildSettings = {
				ALWAYS_EMBED_SWIFT_STANDARD_LIBRARIES = YES;
				BUNDLE_LOADER = "$(TEST_HOST)";
				CODE_SIGN_STYLE = Automatic;
				CURRENT_PROJECT_VERSION = 1;
				DEVELOPMENT_TEAM = CQJ9UKUU35;
				GENERATE_INFOPLIST_FILE = YES;
				IPHONEOS_DEPLOYMENT_TARGET = 17.2;
				MARKETING_VERSION = 1.0;
				PRODUCT_BUNDLE_IDENTIFIER = "pophoryTCA.pophory-TCATests";
				PRODUCT_NAME = "$(TARGET_NAME)";
				SWIFT_EMIT_LOC_STRINGS = NO;
				SWIFT_VERSION = 5.0;
				TARGETED_DEVICE_FAMILY = "1,2";
				TEST_HOST = "$(BUILT_PRODUCTS_DIR)/pophory-TCA.app/$(BUNDLE_EXECUTABLE_FOLDER_PATH)/pophory-TCA";
			};
			name = Debug;
		};
		3BC584FC2C646531003763AF /* Release */ = {
			isa = XCBuildConfiguration;
			buildSettings = {
				ALWAYS_EMBED_SWIFT_STANDARD_LIBRARIES = YES;
				BUNDLE_LOADER = "$(TEST_HOST)";
				CODE_SIGN_STYLE = Automatic;
				CURRENT_PROJECT_VERSION = 1;
				DEVELOPMENT_TEAM = CQJ9UKUU35;
				GENERATE_INFOPLIST_FILE = YES;
				IPHONEOS_DEPLOYMENT_TARGET = 17.2;
				MARKETING_VERSION = 1.0;
				PRODUCT_BUNDLE_IDENTIFIER = "pophoryTCA.pophory-TCATests";
				PRODUCT_NAME = "$(TARGET_NAME)";
				SWIFT_EMIT_LOC_STRINGS = NO;
				SWIFT_VERSION = 5.0;
				TARGETED_DEVICE_FAMILY = "1,2";
				TEST_HOST = "$(BUILT_PRODUCTS_DIR)/pophory-TCA.app/$(BUNDLE_EXECUTABLE_FOLDER_PATH)/pophory-TCA";
			};
			name = Release;
		};
		3BC584FE2C646531003763AF /* Debug */ = {
			isa = XCBuildConfiguration;
			buildSettings = {
				ALWAYS_EMBED_SWIFT_STANDARD_LIBRARIES = YES;
				CODE_SIGN_STYLE = Automatic;
				CURRENT_PROJECT_VERSION = 1;
				DEVELOPMENT_TEAM = CQJ9UKUU35;
				GENERATE_INFOPLIST_FILE = YES;
				MARKETING_VERSION = 1.0;
				PRODUCT_BUNDLE_IDENTIFIER = "pophoryTCA.pophory-TCAUITests";
				PRODUCT_NAME = "$(TARGET_NAME)";
				SWIFT_EMIT_LOC_STRINGS = NO;
				SWIFT_VERSION = 5.0;
				TARGETED_DEVICE_FAMILY = "1,2";
				TEST_TARGET_NAME = "pophory-TCA";
			};
			name = Debug;
		};
		3BC584FF2C646531003763AF /* Release */ = {
			isa = XCBuildConfiguration;
			buildSettings = {
				ALWAYS_EMBED_SWIFT_STANDARD_LIBRARIES = YES;
				CODE_SIGN_STYLE = Automatic;
				CURRENT_PROJECT_VERSION = 1;
				DEVELOPMENT_TEAM = CQJ9UKUU35;
				GENERATE_INFOPLIST_FILE = YES;
				MARKETING_VERSION = 1.0;
				PRODUCT_BUNDLE_IDENTIFIER = "pophoryTCA.pophory-TCAUITests";
				PRODUCT_NAME = "$(TARGET_NAME)";
				SWIFT_EMIT_LOC_STRINGS = NO;
				SWIFT_VERSION = 5.0;
				TARGETED_DEVICE_FAMILY = "1,2";
				TEST_TARGET_NAME = "pophory-TCA";
			};
			name = Release;
		};
/* End XCBuildConfiguration section */

/* Begin XCConfigurationList section */
		3BC584CE2C646530003763AF /* Build configuration list for PBXProject "pophory-TCA" */ = {
			isa = XCConfigurationList;
			buildConfigurations = (
				3BC584F52C646531003763AF /* Debug */,
				3BC584F62C646531003763AF /* Release */,
			);
			defaultConfigurationIsVisible = 0;
			defaultConfigurationName = Release;
		};
		3BC584F72C646531003763AF /* Build configuration list for PBXNativeTarget "pophory-TCA" */ = {
			isa = XCConfigurationList;
			buildConfigurations = (
				3BC584F82C646531003763AF /* Debug */,
				3BC584F92C646531003763AF /* Release */,
			);
			defaultConfigurationIsVisible = 0;
			defaultConfigurationName = Release;
		};
		3BC584FA2C646531003763AF /* Build configuration list for PBXNativeTarget "pophory-TCATests" */ = {
			isa = XCConfigurationList;
			buildConfigurations = (
				3BC584FB2C646531003763AF /* Debug */,
				3BC584FC2C646531003763AF /* Release */,
			);
			defaultConfigurationIsVisible = 0;
			defaultConfigurationName = Release;
		};
		3BC584FD2C646531003763AF /* Build configuration list for PBXNativeTarget "pophory-TCAUITests" */ = {
			isa = XCConfigurationList;
			buildConfigurations = (
				3BC584FE2C646531003763AF /* Debug */,
				3BC584FF2C646531003763AF /* Release */,
			);
			defaultConfigurationIsVisible = 0;
			defaultConfigurationName = Release;
		};
/* End XCConfigurationList section */

/* Begin XCRemoteSwiftPackageReference section */
		37CBFBF52C65B6390049332C /* XCRemoteSwiftPackageReference "swift-composable-architecture" */ = {
			isa = XCRemoteSwiftPackageReference;
			repositoryURL = "https://github.com/pointfreeco/swift-composable-architecture.git";
			requirement = {
				kind = upToNextMajorVersion;
				minimumVersion = 1.12.1;
			};
		};
/* End XCRemoteSwiftPackageReference section */

/* Begin XCSwiftPackageProductDependency section */
		37CBFBF62C65B6390049332C /* ComposableArchitecture */ = {
			isa = XCSwiftPackageProductDependency;
			package = 37CBFBF52C65B6390049332C /* XCRemoteSwiftPackageReference "swift-composable-architecture" */;
			productName = ComposableArchitecture;
		};
/* End XCSwiftPackageProductDependency section */
	};
	rootObject = 3BC584CB2C646530003763AF /* Project object */;
}
